
Microsoft Visual Studio Solution File, Format Version 12.00
# Visual Studio Version 17
VisualStudioVersion = 17.11.35312.102
MinimumVisualStudioVersion = 10.0.40219.1
Project("{FAE04EC0-301F-11D3-BF4B-00C04F79EFBC}") = "Dados 2024", "Dados 2024\Dados 2024.csproj", "{8BCC3E7C-A5D4-4B86-810A-D880E90AFFEB}"
EndProject
Global
	GlobalSection(SolutionConfigurationPlatforms) = preSolution
		Debug|Any CPU = Debug|Any CPU
		Release|Any CPU = Release|Any CPU
	EndGlobalSection
	GlobalSection(ProjectConfigurationPlatforms) = postSolution
		{8BCC3E7C-A5D4-4B86-810A-D880E90AFFEB}.Debug|Any CPU.ActiveCfg = Debug|Any CPU
		{8BCC3E7C-A5D4-4B86-810A-D880E90AFFEB}.Debug|Any CPU.Build.0 = Debug|Any CPU
		{8BCC3E7C-A5D4-4B86-810A-D880E90AFFEB}.Release|Any CPU.ActiveCfg = Release|Any CPU
		{8BCC3E7C-A5D4-4B86-810A-D880E90AFFEB}.Release|Any CPU.Build.0 = Release|Any CPU
	EndGlobalSection
	GlobalSection(SolutionProperties) = preSolution
		HideSolutionNode = FALSE
	EndGlobalSection
	GlobalSection(ExtensibilityGlobals) = postSolution
		SolutionGuid = {B5C20490-DA4C-4FC0-9232-96B6AC7FC0D0}
	EndGlobalSection
EndGlobal
